
Microsoft Visual Studio Solution File, Format Version 12.00
# Visual Studio 14
VisualStudioVersion = 14.0.23107.0
MinimumVisualStudioVersion = 10.0.40219.1
Project("{FAE04EC0-301F-11D3-BF4B-00C04F79EFBC}") = "JavaScriptModules", "JavaScriptModules\JavaScriptModules.csproj", "{47055026-1143-4F69-848F-E3C316B6A140}"
EndProject
Project("{2150E333-8FDC-42A3-9474-1A3956D46DE8}") = "SolutionFiles", "SolutionFiles", "{E20FAC02-A20C-4AB0-B704-879AA2BC7F76}"
	ProjectSection(SolutionItems) = preProject
		.gitignore = .gitignore
		LICENSE = LICENSE
		README.md = README.md
	EndProjectSection
EndProject
Global
	GlobalSection(SolutionConfigurationPlatforms) = preSolution
		Debug|Any CPU = Debug|Any CPU
		Release|Any CPU = Release|Any CPU
	EndGlobalSection
	GlobalSection(ProjectConfigurationPlatforms) = postSolution
		{47055026-1143-4F69-848F-E3C316B6A140}.Debug|Any CPU.ActiveCfg = Debug|Any CPU
		{47055026-1143-4F69-848F-E3C316B6A140}.Debug|Any CPU.Build.0 = Debug|Any CPU
		{47055026-1143-4F69-848F-E3C316B6A140}.Release|Any CPU.ActiveCfg = Release|Any CPU
		{47055026-1143-4F69-848F-E3C316B6A140}.Release|Any CPU.Build.0 = Release|Any CPU
	EndGlobalSection
	GlobalSection(SolutionProperties) = preSolution
		HideSolutionNode = FALSE
	EndGlobalSection
EndGlobal
